
Microsoft Visual Studio Solution File, Format Version 12.00
# Visual Studio Version 17
VisualStudioVersion = 17.3.32929.385
MinimumVisualStudioVersion = 10.0.40219.1
Project("{FAE04EC0-301F-11D3-BF4B-00C04F79EFBC}") = "Lab12WpfApp", "Lab12WpfApp\Lab12WpfApp.csproj", "{3C39B0BD-AB5C-4D62-9EC7-C0C53EC875CA}"
EndProject
Global
	GlobalSection(SolutionConfigurationPlatforms) = preSolution
		Debug|Any CPU = Debug|Any CPU
		Release|Any CPU = Release|Any CPU
	EndGlobalSection
	GlobalSection(ProjectConfigurationPlatforms) = postSolution
		{3C39B0BD-AB5C-4D62-9EC7-C0C53EC875CA}.Debug|Any CPU.ActiveCfg = Debug|Any CPU
		{3C39B0BD-AB5C-4D62-9EC7-C0C53EC875CA}.Debug|Any CPU.Build.0 = Debug|Any CPU
		{3C39B0BD-AB5C-4D62-9EC7-C0C53EC875CA}.Release|Any CPU.ActiveCfg = Release|Any CPU
		{3C39B0BD-AB5C-4D62-9EC7-C0C53EC875CA}.Release|Any CPU.Build.0 = Release|Any CPU
	EndGlobalSection
	GlobalSection(SolutionProperties) = preSolution
		HideSolutionNode = FALSE
	EndGlobalSection
	GlobalSection(ExtensibilityGlobals) = postSolution
		SolutionGuid = {D58B32C7-C168-4BB2-8A22-33189DED9C5E}
	EndGlobalSection
EndGlobal
